
Microsoft Visual Studio Solution File, Format Version 12.00
# Visual Studio Version 17
VisualStudioVersion = 17.7.34031.279
MinimumVisualStudioVersion = 10.0.40219.1
Project("{9A19103F-16F7-4668-BE54-9A1E7A4F7556}") = "WebApp", "WebApp\WebApp.csproj", "{A359428B-4FED-4570-9153-63F95AE32F18}"
EndProject
Global
	GlobalSection(SolutionConfigurationPlatforms) = preSolution
		Debug|Any CPU = Debug|Any CPU
		Release|Any CPU = Release|Any CPU
	EndGlobalSection
	GlobalSection(ProjectConfigurationPlatforms) = postSolution
		{A359428B-4FED-4570-9153-63F95AE32F18}.Debug|Any CPU.ActiveCfg = Debug|Any CPU
		{A359428B-4FED-4570-9153-63F95AE32F18}.Debug|Any CPU.Build.0 = Debug|Any CPU
		{A359428B-4FED-4570-9153-63F95AE32F18}.Release|Any CPU.ActiveCfg = Release|Any CPU
		{A359428B-4FED-4570-9153-63F95AE32F18}.Release|Any CPU.Build.0 = Release|Any CPU
	EndGlobalSection
	GlobalSection(SolutionProperties) = preSolution
		HideSolutionNode = FALSE
	EndGlobalSection
	GlobalSection(ExtensibilityGlobals) = postSolution
		SolutionGuid = {D0701D78-BBF8-4D43-9FA0-AA325EC15426}
	EndGlobalSection
EndGlobal
